
Microsoft Visual Studio Solution File, Format Version 12.00
# Visual Studio 15
VisualStudioVersion = 15.0.28307.1000
MinimumVisualStudioVersion = 10.0.40219.1
Project("{151D2E53-A2C4-4D7D-83FE-D05416EBD58E}") = "AzureResourceGroup1", "AzureResourceGroup1\AzureResourceGroup1.deployproj", "{25DF405E-9B55-4B53-AA18-A4FDF72D4E9F}"
EndProject
Global
	GlobalSection(SolutionConfigurationPlatforms) = preSolution
		Debug|Any CPU = Debug|Any CPU
		Release|Any CPU = Release|Any CPU
	EndGlobalSection
	GlobalSection(ProjectConfigurationPlatforms) = postSolution
		{25DF405E-9B55-4B53-AA18-A4FDF72D4E9F}.Debug|Any CPU.ActiveCfg = Debug|Any CPU
		{25DF405E-9B55-4B53-AA18-A4FDF72D4E9F}.Debug|Any CPU.Build.0 = Debug|Any CPU
		{25DF405E-9B55-4B53-AA18-A4FDF72D4E9F}.Release|Any CPU.ActiveCfg = Release|Any CPU
		{25DF405E-9B55-4B53-AA18-A4FDF72D4E9F}.Release|Any CPU.Build.0 = Release|Any CPU
	EndGlobalSection
	GlobalSection(SolutionProperties) = preSolution
		HideSolutionNode = FALSE
	EndGlobalSection
	GlobalSection(ExtensibilityGlobals) = postSolution
		SolutionGuid = {BDB8981B-F1FD-40AE-A941-2DC725AA2147}
	EndGlobalSection
EndGlobal
